
Microsoft Visual Studio Solution File, Format Version 12.00
# Visual Studio Version 16
VisualStudioVersion = 16.0.32126.315
MinimumVisualStudioVersion = 10.0.40219.1
Project("{FAE04EC0-301F-11D3-BF4B-00C04F79EFBC}") = "SyncDelegateReview", "SyncDelegateReview\SyncDelegateReview.csproj", "{6ED9596B-E171-4042-A09E-48FF8E7318ED}"
EndProject
Project("{FAE04EC0-301F-11D3-BF4B-00C04F79EFBC}") = "AsyncDelegate", "AsyncDelegate\AsyncDelegate.csproj", "{D4991BBF-B1B0-4771-A933-496B7B4426CB}"
EndProject
Project("{FAE04EC0-301F-11D3-BF4B-00C04F79EFBC}") = "AsyncCallbackDelegate", "AsyncCallbackDelegate\AsyncCallbackDelegate.csproj", "{074E3C7D-504C-45E2-BF3F-03A8023754AB}"
EndProject
Project("{FAE04EC0-301F-11D3-BF4B-00C04F79EFBC}") = "ThreadStats", "ThreadStat\ThreadStats.csproj", "{F4BDB6EF-42DF-417A-809C-B789CF774DB0}"
EndProject
Project("{FAE04EC0-301F-11D3-BF4B-00C04F79EFBC}") = "SimpleMultiThreadApp", "SimpleMultiThreadApp\SimpleMultiThreadApp.csproj", "{DE37CC77-6D3B-46BC-AED9-CE202ABA7062}"
EndProject
Project("{FAE04EC0-301F-11D3-BF4B-00C04F79EFBC}") = "ParameterizedThreadStartExample", "ParameterizedThreadStartExample\ParameterizedThreadStartExample.csproj", "{0FCA597B-18FA-49A9-8E77-4CD24CDC6B19}"
EndProject
Project("{FAE04EC0-301F-11D3-BF4B-00C04F79EFBC}") = "MultiThreadLocker", "MultiThreadLocker\MultiThreadLocker.csproj", "{CBFECE88-C98D-4D5A-AE45-5E4C3E8A93B7}"
EndProject
Project("{FAE04EC0-301F-11D3-BF4B-00C04F79EFBC}") = "ThreadPoolApp", "ThreadPoolApp\ThreadPoolApp.csproj", "{F0A4CF90-87DC-4074-860E-50A47046F4EF}"
EndProject
Project("{FAE04EC0-301F-11D3-BF4B-00C04F79EFBC}") = "TimerApp", "TimerApp\TimerApp.csproj", "{01B06D33-C245-4A19-9A4D-01665914FBF1}"
EndProject
Project("{FAE04EC0-301F-11D3-BF4B-00C04F79EFBC}") = "DataParallelismWithForEach", "DataParallelismWithForEach\DataParallelismWithForEach.csproj", "{8B304B78-81C5-434D-8BA6-E31E9076BD6B}"
EndProject
Project("{FAE04EC0-301F-11D3-BF4B-00C04F79EFBC}") = "MyEBookReader", "MyEBookReader\MyEBookReader.csproj", "{B0CFD23A-A0EF-4D70-AAE0-EBD1A7B1FD41}"
EndProject
Project("{FAE04EC0-301F-11D3-BF4B-00C04F79EFBC}") = "PLINQDataProcessingWithCancellation", "PLINQDataProcessingWithCancellation\PLINQDataProcessingWithCancellation.csproj", "{BAA51635-EEDB-4C0F-9B72-BE6CEFF5D501}"
EndProject
Project("{FAE04EC0-301F-11D3-BF4B-00C04F79EFBC}") = "AsyncAwait", "AsyncAwait\AsyncAwait.csproj", "{56565428-5152-4CB0-90C4-A847777F0DE7}"
EndProject
Project("{FAE04EC0-301F-11D3-BF4B-00C04F79EFBC}") = "MutexApp", "MutexApp\MutexApp.csproj", "{66FFBC34-E721-43D8-A56A-8A12699F508D}"
EndProject
Project("{FAE04EC0-301F-11D3-BF4B-00C04F79EFBC}") = "SemaphoreApp", "SemaphoreApp\SemaphoreApp.csproj", "{11FEA6E7-8927-4F1D-A259-E7965E95DA50}"
EndProject
Project("{FAE04EC0-301F-11D3-BF4B-00C04F79EFBC}") = "TaskExample", "TPLExample\TaskExample.csproj", "{9A993D2D-CEE1-4024-9CB6-58B60E2C213E}"
EndProject
Global
	GlobalSection(SolutionConfigurationPlatforms) = preSolution
		Debug|Any CPU = Debug|Any CPU
		Release|Any CPU = Release|Any CPU
	EndGlobalSection
	GlobalSection(ProjectConfigurationPlatforms) = postSolution
		{6ED9596B-E171-4042-A09E-48FF8E7318ED}.Debug|Any CPU.ActiveCfg = Debug|Any CPU
		{6ED9596B-E171-4042-A09E-48FF8E7318ED}.Debug|Any CPU.Build.0 = Debug|Any CPU
		{6ED9596B-E171-4042-A09E-48FF8E7318ED}.Release|Any CPU.ActiveCfg = Release|Any CPU
		{6ED9596B-E171-4042-A09E-48FF8E7318ED}.Release|Any CPU.Build.0 = Release|Any CPU
		{D4991BBF-B1B0-4771-A933-496B7B4426CB}.Debug|Any CPU.ActiveCfg = Debug|Any CPU
		{D4991BBF-B1B0-4771-A933-496B7B4426CB}.Debug|Any CPU.Build.0 = Debug|Any CPU
		{D4991BBF-B1B0-4771-A933-496B7B4426CB}.Release|Any CPU.ActiveCfg = Release|Any CPU
		{D4991BBF-B1B0-4771-A933-496B7B4426CB}.Release|Any CPU.Build.0 = Release|Any CPU
		{074E3C7D-504C-45E2-BF3F-03A8023754AB}.Debug|Any CPU.ActiveCfg = Debug|Any CPU
		{074E3C7D-504C-45E2-BF3F-03A8023754AB}.Debug|Any CPU.Build.0 = Debug|Any CPU
		{074E3C7D-504C-45E2-BF3F-03A8023754AB}.Release|Any CPU.ActiveCfg = Release|Any CPU
		{074E3C7D-504C-45E2-BF3F-03A8023754AB}.Release|Any CPU.Build.0 = Release|Any CPU
		{F4BDB6EF-42DF-417A-809C-B789CF774DB0}.Debug|Any CPU.ActiveCfg = Debug|Any CPU
		{F4BDB6EF-42DF-417A-809C-B789CF774DB0}.Debug|Any CPU.Build.0 = Debug|Any CPU
		{F4BDB6EF-42DF-417A-809C-B789CF774DB0}.Release|Any CPU.ActiveCfg = Release|Any CPU
		{F4BDB6EF-42DF-417A-809C-B789CF774DB0}.Release|Any CPU.Build.0 = Release|Any CPU
		{DE37CC77-6D3B-46BC-AED9-CE202ABA7062}.Debug|Any CPU.ActiveCfg = Debug|Any CPU
		{DE37CC77-6D3B-46BC-AED9-CE202ABA7062}.Debug|Any CPU.Build.0 = Debug|Any CPU
		{DE37CC77-6D3B-46BC-AED9-CE202ABA7062}.Release|Any CPU.ActiveCfg = Release|Any CPU
		{DE37CC77-6D3B-46BC-AED9-CE202ABA7062}.Release|Any CPU.Build.0 = Release|Any CPU
		{0FCA597B-18FA-49A9-8E77-4CD24CDC6B19}.Debug|Any CPU.ActiveCfg = Debug|Any CPU
		{0FCA597B-18FA-49A9-8E77-4CD24CDC6B19}.Debug|Any CPU.Build.0 = Debug|Any CPU
		{0FCA597B-18FA-49A9-8E77-4CD24CDC6B19}.Release|Any CPU.ActiveCfg = Release|Any CPU
		{0FCA597B-18FA-49A9-8E77-4CD24CDC6B19}.Release|Any CPU.Build.0 = Release|Any CPU
		{CBFECE88-C98D-4D5A-AE45-5E4C3E8A93B7}.Debug|Any CPU.ActiveCfg = Debug|Any CPU
		{CBFECE88-C98D-4D5A-AE45-5E4C3E8A93B7}.Debug|Any CPU.Build.0 = Debug|Any CPU
		{CBFECE88-C98D-4D5A-AE45-5E4C3E8A93B7}.Release|Any CPU.ActiveCfg = Release|Any CPU
		{CBFECE88-C98D-4D5A-AE45-5E4C3E8A93B7}.Release|Any CPU.Build.0 = Release|Any CPU
		{F0A4CF90-87DC-4074-860E-50A47046F4EF}.Debug|Any CPU.ActiveCfg = Debug|Any CPU
		{F0A4CF90-87DC-4074-860E-50A47046F4EF}.Debug|Any CPU.Build.0 = Debug|Any CPU
		{F0A4CF90-87DC-4074-860E-50A47046F4EF}.Release|Any CPU.ActiveCfg = Release|Any CPU
		{F0A4CF90-87DC-4074-860E-50A47046F4EF}.Release|Any CPU.Build.0 = Release|Any CPU
		{01B06D33-C245-4A19-9A4D-01665914FBF1}.Debug|Any CPU.ActiveCfg = Debug|Any CPU
		{01B06D33-C245-4A19-9A4D-01665914FBF1}.Debug|Any CPU.Build.0 = Debug|Any CPU
		{01B06D33-C245-4A19-9A4D-01665914FBF1}.Release|Any CPU.ActiveCfg = Release|Any CPU
		{01B06D33-C245-4A19-9A4D-01665914FBF1}.Release|Any CPU.Build.0 = Release|Any CPU
		{8B304B78-81C5-434D-8BA6-E31E9076BD6B}.Debug|Any CPU.ActiveCfg = Debug|Any CPU
		{8B304B78-81C5-434D-8BA6-E31E9076BD6B}.Debug|Any CPU.Build.0 = Debug|Any CPU
		{8B304B78-81C5-434D-8BA6-E31E9076BD6B}.Release|Any CPU.ActiveCfg = Release|Any CPU
		{8B304B78-81C5-434D-8BA6-E31E9076BD6B}.Release|Any CPU.Build.0 = Release|Any CPU
		{B0CFD23A-A0EF-4D70-AAE0-EBD1A7B1FD41}.Debug|Any CPU.ActiveCfg = Debug|Any CPU
		{B0CFD23A-A0EF-4D70-AAE0-EBD1A7B1FD41}.Debug|Any CPU.Build.0 = Debug|Any CPU
		{B0CFD23A-A0EF-4D70-AAE0-EBD1A7B1FD41}.Release|Any CPU.ActiveCfg = Release|Any CPU
		{B0CFD23A-A0EF-4D70-AAE0-EBD1A7B1FD41}.Release|Any CPU.Build.0 = Release|Any CPU
		{BAA51635-EEDB-4C0F-9B72-BE6CEFF5D501}.Debug|Any CPU.ActiveCfg = Debug|Any CPU
		{BAA51635-EEDB-4C0F-9B72-BE6CEFF5D501}.Debug|Any CPU.Build.0 = Debug|Any CPU
		{BAA51635-EEDB-4C0F-9B72-BE6CEFF5D501}.Release|Any CPU.ActiveCfg = Release|Any CPU
		{BAA51635-EEDB-4C0F-9B72-BE6CEFF5D501}.Release|Any CPU.Build.0 = Release|Any CPU
		{56565428-5152-4CB0-90C4-A847777F0DE7}.Debug|Any CPU.ActiveCfg = Debug|Any CPU
		{56565428-5152-4CB0-90C4-A847777F0DE7}.Debug|Any CPU.Build.0 = Debug|Any CPU
		{56565428-5152-4CB0-90C4-A847777F0DE7}.Release|Any CPU.ActiveCfg = Release|Any CPU
		{56565428-5152-4CB0-90C4-A847777F0DE7}.Release|Any CPU.Build.0 = Release|Any CPU
		{66FFBC34-E721-43D8-A56A-8A12699F508D}.Debug|Any CPU.ActiveCfg = Debug|Any CPU
		{66FFBC34-E721-43D8-A56A-8A12699F508D}.Debug|Any CPU.Build.0 = Debug|Any CPU
		{66FFBC34-E721-43D8-A56A-8A12699F508D}.Release|Any CPU.ActiveCfg = Release|Any CPU
		{66FFBC34-E721-43D8-A56A-8A12699F508D}.Release|Any CPU.Build.0 = Release|Any CPU
		{11FEA6E7-8927-4F1D-A259-E7965E95DA50}.Debug|Any CPU.ActiveCfg = Debug|Any CPU
		{11FEA6E7-8927-4F1D-A259-E7965E95DA50}.Debug|Any CPU.Build.0 = Debug|Any CPU
		{11FEA6E7-8927-4F1D-A259-E7965E95DA50}.Release|Any CPU.ActiveCfg = Release|Any CPU
		{11FEA6E7-8927-4F1D-A259-E7965E95DA50}.Release|Any CPU.Build.0 = Release|Any CPU
		{9A993D2D-CEE1-4024-9CB6-58B60E2C213E}.Debug|Any CPU.ActiveCfg = Debug|Any CPU
		{9A993D2D-CEE1-4024-9CB6-58B60E2C213E}.Debug|Any CPU.Build.0 = Debug|Any CPU
		{9A993D2D-CEE1-4024-9CB6-58B60E2C213E}.Release|Any CPU.ActiveCfg = Release|Any CPU
		{9A993D2D-CEE1-4024-9CB6-58B60E2C213E}.Release|Any CPU.Build.0 = Release|Any CPU
	EndGlobalSection
	GlobalSection(SolutionProperties) = preSolution
		HideSolutionNode = FALSE
	EndGlobalSection
	GlobalSection(ExtensibilityGlobals) = postSolution
		SolutionGuid = {990E33AC-7D47-45C6-9421-B38F67287EA6}
	EndGlobalSection
EndGlobal
